
Microsoft Visual Studio Solution File, Format Version 12.00
# Visual Studio Version 17
VisualStudioVersion = 17.5.002.0
MinimumVisualStudioVersion = 10.0.40219.1
Project("{9A19103F-16F7-4668-BE54-9A1E7A4F7556}") = "StandardPlugin", "StandardPlugin\StandardPlugin.csproj", "{C14D536A-1FAD-4140-9A54-4DCCFDFDDD21}"
EndProject
Project("{FAE04EC0-301F-11D3-BF4B-00C04F79EFBC}") = "StandardPluginTests", "StandardPluginTests\StandardPluginTests.csproj", "{73427AF6-21E1-4D30-BF1B-236CABE41EA5}"
EndProject
Project("{FAE04EC0-301F-11D3-BF4B-00C04F79EFBC}") = "StandardPluginHarness", "StandardPluginHarness\StandardPluginHarness.csproj", "{C9FCE328-DF65-49FF-BF88-F3C81E7F0308}"
EndProject
Global
	GlobalSection(SolutionConfigurationPlatforms) = preSolution
		Debug|Any CPU = Debug|Any CPU
		Release|Any CPU = Release|Any CPU
	EndGlobalSection
	GlobalSection(ProjectConfigurationPlatforms) = postSolution
		{C14D536A-1FAD-4140-9A54-4DCCFDFDDD21}.Debug|Any CPU.ActiveCfg = Debug|Any CPU
		{C14D536A-1FAD-4140-9A54-4DCCFDFDDD21}.Debug|Any CPU.Build.0 = Debug|Any CPU
		{C14D536A-1FAD-4140-9A54-4DCCFDFDDD21}.Release|Any CPU.ActiveCfg = Release|Any CPU
		{C14D536A-1FAD-4140-9A54-4DCCFDFDDD21}.Release|Any CPU.Build.0 = Release|Any CPU
		{73427AF6-21E1-4D30-BF1B-236CABE41EA5}.Debug|Any CPU.ActiveCfg = Debug|Any CPU
		{73427AF6-21E1-4D30-BF1B-236CABE41EA5}.Debug|Any CPU.Build.0 = Debug|Any CPU
		{73427AF6-21E1-4D30-BF1B-236CABE41EA5}.Release|Any CPU.ActiveCfg = Release|Any CPU
		{73427AF6-21E1-4D30-BF1B-236CABE41EA5}.Release|Any CPU.Build.0 = Release|Any CPU
		{C9FCE328-DF65-49FF-BF88-F3C81E7F0308}.Debug|Any CPU.ActiveCfg = Debug|Any CPU
		{C9FCE328-DF65-49FF-BF88-F3C81E7F0308}.Debug|Any CPU.Build.0 = Debug|Any CPU
		{C9FCE328-DF65-49FF-BF88-F3C81E7F0308}.Release|Any CPU.ActiveCfg = Release|Any CPU
		{C9FCE328-DF65-49FF-BF88-F3C81E7F0308}.Release|Any CPU.Build.0 = Release|Any CPU
	EndGlobalSection
	GlobalSection(SolutionProperties) = preSolution
		HideSolutionNode = FALSE
	EndGlobalSection
	GlobalSection(ExtensibilityGlobals) = postSolution
		SolutionGuid = {1ABE3A7C-2B9A-4876-99DC-670DABD6A071}
	EndGlobalSection
EndGlobal
